<?xml version="1.0" encoding="utf-8"?>
<Project ToolsVersion="4.0" xmlns="http://schemas.microsoft.com/developer/msbuild/2003">
  <ItemGroup>
    <ClCompile Include="Appmain.cpp" />
    <ClCompile Include="PreCompile.cpp">
      <Filter>Precom</Filter>
    </ClCompile>
    <ClCompile Include="UserGame.cpp">
      <Filter>UserCore</Filter>
    </ClCompile>
    <ClCompile Include="UserGame_Resources.cpp">
      <Filter>UserCore</Filter>
    </ClCompile>
    <ClCompile Include="UserGame_Resources_Shader.cpp">
      <Filter>UserCore\Resources</Filter>
    </ClCompile>
    <ClCompile Include="TopUI.cpp">
      <Filter>Actor\UI</Filter>
    </ClCompile>
    <ClCompile Include="PlayLevel.cpp">
      <Filter>Level\04. PlayLevel</Filter>
    </ClCompile>
    <ClCompile Include="TitleScene.cpp">
      <Filter>Level\00. MainLoad</Filter>
    </ClCompile>
    <ClCompile Include="Player_State.cpp">
      <Filter>Actor\Player\PlayMap</Filter>
    </ClCompile>
    <ClCompile Include="Player.cpp">
      <Filter>Actor\Player\PlayMap</Filter>
    </ClCompile>
    <ClCompile Include="Player_Setting.cpp">
      <Filter>Actor\Player\PlayMap</Filter>
    </ClCompile>
    <ClCompile Include="LoaddingScene.cpp">
      <Filter>Level\01. LoadingScene</Filter>
    </ClCompile>
    <ClCompile Include="WorldMapScene.cpp">
      <Filter>Level\02. WolrdMap</Filter>
    </ClCompile>
    <ClCompile Include="StoryScene.cpp">
      <Filter>Level\03. StoryScene</Filter>
    </ClCompile>
    <ClCompile Include="UIBase.cpp">
      <Filter>Actor\UI\Base</Filter>
    </ClCompile>
    <ClCompile Include="EffectBase.cpp">
      <Filter>Actor\Image\Effect\Base</Filter>
    </ClCompile>
    <ClCompile Include="Monster.cpp">
      <Filter>Actor\MOB\Base</Filter>
    </ClCompile>
    <ClCompile Include="Image.cpp">
      <Filter>Actor\Image</Filter>
    </ClCompile>
    <ClCompile Include="GameObject.cpp">
      <Filter>Actor</Filter>
    </ClCompile>
    <ClCompile Include="MainLoading.cpp">
      <Filter>Level\00. MainLoad</Filter>
    </ClCompile>
    <ClCompile Include="Player_Update.cpp">
      <Filter>Actor\Player\PlayMap</Filter>
    </ClCompile>
    <ClCompile Include="Map.cpp">
      <Filter>Actor</Filter>
    </ClCompile>
    <ClCompile Include="Bullet_Defalut.cpp">
      <Filter>Actor\Bullet</Filter>
    </ClCompile>
    <ClCompile Include="Bullet_Spread.cpp">
      <Filter>Actor\Bullet</Filter>
    </ClCompile>
    <ClCompile Include="Bullet.cpp">
      <Filter>Actor\Bullet\Base</Filter>
    </ClCompile>
    <ClCompile Include="Bullet_Guided.cpp">
      <Filter>Actor\Bullet</Filter>
    </ClCompile>
    <ClCompile Include="King_Dice.cpp">
      <Filter>Actor\MOB</Filter>
    </ClCompile>
    <ClCompile Include="Dice.cpp">
      <Filter>Level\04. PlayLevel\Stage</Filter>
    </ClCompile>
    <ClCompile Include="Store.cpp">
      <Filter>Level\02. WolrdMap\Stage</Filter>
    </ClCompile>
    <ClCompile Include="WorldMapPlayer.cpp">
      <Filter>Actor\Player\WorldMap</Filter>
    </ClCompile>
    <ClCompile Include="WorldMapPlayer_Setting.cpp">
      <Filter>Actor\Player\WorldMap</Filter>
    </ClCompile>
    <ClCompile Include="WorldMapPlayer_Update.cpp">
      <Filter>Actor\Player\WorldMap</Filter>
    </ClCompile>
  </ItemGroup>
  <ItemGroup>
    <Filter Include="Precom">
      <UniqueIdentifier>{0d0b75c7-5726-42b1-aa92-879451e131c1}</UniqueIdentifier>
    </Filter>
    <Filter Include="UserCore">
      <UniqueIdentifier>{ae1c99fc-5ae2-4958-9205-8018fcb509b5}</UniqueIdentifier>
    </Filter>
    <Filter Include="CustomVertex">
      <UniqueIdentifier>{16842167-2534-42db-8026-796a267ad72b}</UniqueIdentifier>
    </Filter>
    <Filter Include="UserCore\Resources">
      <UniqueIdentifier>{097aabc9-6df0-4d53-a9ed-77681a8002e4}</UniqueIdentifier>
    </Filter>
    <Filter Include="Level">
      <UniqueIdentifier>{e6998438-49d5-445a-83ae-2e78e52a45df}</UniqueIdentifier>
    </Filter>
    <Filter Include="Actor">
      <UniqueIdentifier>{5b1798ae-0845-4fbe-8a16-76e0e38dd1a8}</UniqueIdentifier>
    </Filter>
    <Filter Include="Actor\Player">
      <UniqueIdentifier>{9be1d242-92bc-4502-851d-9beafd04356a}</UniqueIdentifier>
    </Filter>
    <Filter Include="Actor\UI">
      <UniqueIdentifier>{3f5d1b24-bba3-4f05-82e4-07ba54e40589}</UniqueIdentifier>
    </Filter>
    <Filter Include="Actor\MOB">
      <UniqueIdentifier>{d743dcfe-af2a-402f-a262-f42efd7ca496}</UniqueIdentifier>
    </Filter>
    <Filter Include="Actor\Bullet">
      <UniqueIdentifier>{c109a256-8ae9-496a-bc86-14e905481b91}</UniqueIdentifier>
    </Filter>
    <Filter Include="Level\00. MainLoad">
      <UniqueIdentifier>{2eea9bad-f280-49e1-b974-8b60367e37da}</UniqueIdentifier>
    </Filter>
    <Filter Include="Level\02. WolrdMap">
      <UniqueIdentifier>{57d0f3d0-bb31-47a7-8172-62de4a3a35c8}</UniqueIdentifier>
    </Filter>
    <Filter Include="Level\03. StoryScene">
      <UniqueIdentifier>{c8488634-b3e9-4e12-94b8-1f4ce5175d1f}</UniqueIdentifier>
    </Filter>
    <Filter Include="Level\04. PlayLevel">
      <UniqueIdentifier>{87927065-6845-4564-9509-402c5a97d61c}</UniqueIdentifier>
    </Filter>
    <Filter Include="Actor\Player\PlayMap">
      <UniqueIdentifier>{79f1951c-21a4-468e-838c-1010edad0e6e}</UniqueIdentifier>
    </Filter>
    <Filter Include="Actor\Player\WorldMap">
      <UniqueIdentifier>{064506d8-bfc8-4230-9082-9a99394b6d0f}</UniqueIdentifier>
    </Filter>
    <Filter Include="Actor\Image">
      <UniqueIdentifier>{8877c995-7c38-4347-b50d-545d55bd3789}</UniqueIdentifier>
    </Filter>
    <Filter Include="Level\01. LoadingScene">
      <UniqueIdentifier>{39089cdb-be51-4d93-9e99-9b40b457ebf1}</UniqueIdentifier>
    </Filter>
    <Filter Include="Actor\UI\Base">
      <UniqueIdentifier>{2edcbc75-7d06-4c55-ba88-65c65d0f4b9a}</UniqueIdentifier>
    </Filter>
    <Filter Include="Actor\Bullet\Base">
      <UniqueIdentifier>{a6644d60-0ac6-416f-8883-75e107677fd9}</UniqueIdentifier>
    </Filter>
    <Filter Include="Actor\MOB\Base">
      <UniqueIdentifier>{5bd38083-52b9-4c7c-868e-191f8eea5a70}</UniqueIdentifier>
    </Filter>
    <Filter Include="Precom\GlobalValue">
      <UniqueIdentifier>{3647aba2-8302-43ee-9f2d-d9ec195737b0}</UniqueIdentifier>
    </Filter>
    <Filter Include="Actor\Image\Effect">
      <UniqueIdentifier>{b5fcffc5-2aa1-48c2-9007-d3427ecb9332}</UniqueIdentifier>
    </Filter>
    <Filter Include="Actor\Image\Effect\Base">
      <UniqueIdentifier>{03b4a099-1381-435b-ac41-3b5b828b6038}</UniqueIdentifier>
    </Filter>
    <Filter Include="Level\04. PlayLevel\Stage">
      <UniqueIdentifier>{8044c92d-1e39-4d66-af65-ef813ee737a8}</UniqueIdentifier>
    </Filter>
    <Filter Include="Level\02. WolrdMap\Stage">
      <UniqueIdentifier>{f7c0f664-23f9-49ee-ab5f-7a6a8c233519}</UniqueIdentifier>
    </Filter>
    <Filter Include="Level\04. PlayLevel\MIniStage">
      <UniqueIdentifier>{f57558f4-e5b6-447a-83b2-66962c5e25eb}</UniqueIdentifier>
    </Filter>
  </ItemGroup>
  <ItemGroup>
    <ClInclude Include="PreCompile.h">
      <Filter>Precom</Filter>
    </ClInclude>
    <ClInclude Include="UserGame.h">
      <Filter>UserCore</Filter>
    </ClInclude>
    <ClInclude Include="CustomVertex.h">
      <Filter>CustomVertex</Filter>
    </ClInclude>
    <ClInclude Include="UserGame_Resources_Shader.h">
      <Filter>UserCore\Resources</Filter>
    </ClInclude>
    <ClInclude Include="TopUI.h">
      <Filter>Actor\UI</Filter>
    </ClInclude>
    <ClInclude Include="PlayLevel.h">
      <Filter>Level\04. PlayLevel</Filter>
    </ClInclude>
    <ClInclude Include="TitleScene.h">
      <Filter>Level\00. MainLoad</Filter>
    </ClInclude>
    <ClInclude Include="Player.h">
      <Filter>Actor\Player\PlayMap</Filter>
    </ClInclude>
    <ClInclude Include="LoaddingScene.h">
      <Filter>Level\01. LoadingScene</Filter>
    </ClInclude>
    <ClInclude Include="WorldMapScene.h">
      <Filter>Level\02. WolrdMap</Filter>
    </ClInclude>
    <ClInclude Include="StoryScene.h">
      <Filter>Level\03. StoryScene</Filter>
    </ClInclude>
    <ClInclude Include="UIBase.h">
      <Filter>Actor\UI\Base</Filter>
    </ClInclude>
    <ClInclude Include="EffectBase.h">
      <Filter>Actor\Image\Effect\Base</Filter>
    </ClInclude>
    <ClInclude Include="Bullet.h">
      <Filter>Actor\Bullet\Base</Filter>
    </ClInclude>
    <ClInclude Include="Monster.h">
      <Filter>Actor\MOB\Base</Filter>
    </ClInclude>
    <ClInclude Include="Image.h">
      <Filter>Actor\Image</Filter>
    </ClInclude>
    <ClInclude Include="GameObject.h">
      <Filter>Actor</Filter>
    </ClInclude>
    <ClInclude Include="AppGlobalValue.h">
      <Filter>Precom\GlobalValue</Filter>
    </ClInclude>
    <ClInclude Include="MainLoading.h">
      <Filter>Level\00. MainLoad</Filter>
    </ClInclude>
    <ClInclude Include="Map.h">
      <Filter>Actor</Filter>
    </ClInclude>
    <ClInclude Include="King_Dice.h">
      <Filter>Actor\MOB</Filter>
    </ClInclude>
    <ClInclude Include="Dice.h">
      <Filter>Level\04. PlayLevel\Stage</Filter>
    </ClInclude>
    <ClInclude Include="Store.h">
      <Filter>Level\02. WolrdMap\Stage</Filter>
    </ClInclude>
    <ClInclude Include="WorldMapPlayer.h">
      <Filter>Actor\Player\WorldMap</Filter>
    </ClInclude>
  </ItemGroup>
</Project>